{
  "name": "ajs2",
  "version": "1.0.0",
  "lockfileVersion": 3,
  "requires": true,
  "packages": {
    "": {
      "name": "ajs2",
      "version": "1.0.0",
      "license": "ISC",
      "dependencies": {
        "@zrazhevskii/ajs1": "^1.0.0"
      }
    },
    "node_modules/@zrazhevskii/ajs1": {
      "version": "1.0.0",
      "resolved": "https://npm.pkg.github.com/download/@zrazhevskii/ajs1/1.0.0/235813ae8d41c0164eecc1b8e5d9481306eb21f2",
      "integrity": "sha512-97LiftNH9rF/RANdg7ha4F+sX29+rV6LSDEUYLm5LOsWJ/a88gc8SdtZfKuUHBu3chwHcFQHNp07la48z8iWeQ==",
      "license": "ISC"
    }
  }
}
